<?xml version="1.0" encoding="utf-8"?>
<Project ToolsVersion="4.0" xmlns="http://schemas.microsoft.com/developer/msbuild/2003">
  <ItemGroup>
    <Filter Include="Source Files">
      <UniqueIdentifier>{4FC737F1-C7A5-4376-A066-2A32D752A2FF}</UniqueIdentifier>
      <Extensions>cpp;c;cc;cxx;c++;cppm;ixx;def;odl;idl;hpj;bat;asm;asmx</Extensions>
    </Filter>
    <Filter Include="Header Files">
      <UniqueIdentifier>{93995380-89BD-4b04-88EB-625FBE52EBFB}</UniqueIdentifier>
      <Extensions>h;hh;hpp;hxx;h++;hm;inl;inc;ipp;xsd</Extensions>
    </Filter>
    <Filter Include="Resource Files">
      <UniqueIdentifier>{67DA6AB6-F800-4c08-8B7A-83BB121AAD01}</UniqueIdentifier>
      <Extensions>rc;ico;cur;bmp;dlg;rc2;rct;bin;rgs;gif;jpg;jpeg;jpe;resx;tiff;tif;png;wav;mfcribbon-ms</Extensions>
    </Filter>
  </ItemGroup>
  <ItemGroup>
    <ClInclude Include="inc\build\cmd_sdl2\config.h">
      <Filter>Header Files</Filter>
    </ClInclude>
    <ClInclude Include="inc\build\cmd_sdl2\error.h">
      <Filter>Header Files</Filter>
    </ClInclude>
    <ClInclude Include="inc\build\cmd_sdl2\fileio.h">
      <Filter>Header Files</Filter>
    </ClInclude>
    <ClInclude Include="inc\build\cmd_sdl2\main.h">
      <Filter>Header Files</Filter>
    </ClInclude>
    <ClInclude Include="inc\build\cmd_sdl2\osd.h">
      <Filter>Header Files</Filter>
    </ClInclude>
    <ClInclude Include="inc\core\cart_hw\svp\ssp16.h">
      <Filter>Header Files</Filter>
    </ClInclude>
    <ClInclude Include="inc\core\cart_hw\svp\svp.h">
      <Filter>Header Files</Filter>
    </ClInclude>
    <ClInclude Include="inc\core\cart_hw\areplay.h">
      <Filter>Header Files</Filter>
    </ClInclude>
    <ClInclude Include="inc\core\cart_hw\eeprom_93c.h">
      <Filter>Header Files</Filter>
    </ClInclude>
    <ClInclude Include="inc\core\cart_hw\eeprom_i2c.h">
      <Filter>Header Files</Filter>
    </ClInclude>
    <ClInclude Include="inc\core\cart_hw\eeprom_spi.h">
      <Filter>Header Files</Filter>
    </ClInclude>
    <ClInclude Include="inc\core\cart_hw\ggenie.h">
      <Filter>Header Files</Filter>
    </ClInclude>
    <ClInclude Include="inc\core\cart_hw\md_cart.h">
      <Filter>Header Files</Filter>
    </ClInclude>
    <ClInclude Include="inc\core\cart_hw\megasd.h">
      <Filter>Header Files</Filter>
    </ClInclude>
    <ClInclude Include="inc\core\cart_hw\sms_cart.h">
      <Filter>Header Files</Filter>
    </ClInclude>
    <ClInclude Include="inc\core\cart_hw\sram.h">
      <Filter>Header Files</Filter>
    </ClInclude>
    <ClInclude Include="inc\core\cd_hw\cd_cart.h">
      <Filter>Header Files</Filter>
    </ClInclude>
    <ClInclude Include="inc\core\cd_hw\cdc.h">
      <Filter>Header Files</Filter>
    </ClInclude>
    <ClInclude Include="inc\core\cd_hw\cdd.h">
      <Filter>Header Files</Filter>
    </ClInclude>
    <ClInclude Include="inc\core\cd_hw\gfx.h">
      <Filter>Header Files</Filter>
    </ClInclude>
    <ClInclude Include="inc\core\cd_hw\pcm.h">
      <Filter>Header Files</Filter>
    </ClInclude>
    <ClInclude Include="inc\core\cd_hw\scd.h">
      <Filter>Header Files</Filter>
    </ClInclude>
    <ClInclude Include="inc\core\debug\cpuhook.h">
      <Filter>Header Files</Filter>
    </ClInclude>
    <ClInclude Include="inc\core\input_hw\activator.h">
      <Filter>Header Files</Filter>
    </ClInclude>
    <ClInclude Include="inc\core\input_hw\gamepad.h">
      <Filter>Header Files</Filter>
    </ClInclude>
    <ClInclude Include="inc\core\input_hw\graphic_board.h">
      <Filter>Header Files</Filter>
    </ClInclude>
    <ClInclude Include="inc\core\input_hw\input.h">
      <Filter>Header Files</Filter>
    </ClInclude>
    <ClInclude Include="inc\core\input_hw\lightgun.h">
      <Filter>Header Files</Filter>
    </ClInclude>
    <ClInclude Include="inc\core\input_hw\mouse.h">
      <Filter>Header Files</Filter>
    </ClInclude>
    <ClInclude Include="inc\core\input_hw\paddle.h">
      <Filter>Header Files</Filter>
    </ClInclude>
    <ClInclude Include="inc\core\input_hw\sportspad.h">
      <Filter>Header Files</Filter>
    </ClInclude>
    <ClInclude Include="inc\core\input_hw\teamplayer.h">
      <Filter>Header Files</Filter>
    </ClInclude>
    <ClInclude Include="inc\core\input_hw\terebi_oekaki.h">
      <Filter>Header Files</Filter>
    </ClInclude>
    <ClInclude Include="inc\core\input_hw\xe_1ap.h">
      <Filter>Header Files</Filter>
    </ClInclude>
    <ClInclude Include="inc\core\m68k\m68k.h">
      <Filter>Header Files</Filter>
    </ClInclude>
    <ClInclude Include="inc\core\m68k\m68kconf.h">
      <Filter>Header Files</Filter>
    </ClInclude>
    <ClInclude Include="inc\core\m68k\m68kcpu.h">
      <Filter>Header Files</Filter>
    </ClInclude>
    <ClInclude Include="inc\core\m68k\m68ki_cycles.h">
      <Filter>Header Files</Filter>
    </ClInclude>
    <ClInclude Include="inc\core\m68k\m68ki_instruction_jump_table.h">
      <Filter>Header Files</Filter>
    </ClInclude>
    <ClInclude Include="inc\core\m68k\m68kops.h">
      <Filter>Header Files</Filter>
    </ClInclude>
    <ClInclude Include="inc\core\m68k\s68kconf.h">
      <Filter>Header Files</Filter>
    </ClInclude>
    <ClInclude Include="inc\core\m68k\s68ki_cycles.h">
      <Filter>Header Files</Filter>
    </ClInclude>
    <ClInclude Include="inc\core\ntsc\md_ntsc.h">
      <Filter>Header Files</Filter>
    </ClInclude>
    <ClInclude Include="inc\core\ntsc\md_ntsc_config.h">
      <Filter>Header Files</Filter>
    </ClInclude>
    <ClInclude Include="inc\core\ntsc\md_ntsc_impl.h">
      <Filter>Header Files</Filter>
    </ClInclude>
    <ClInclude Include="inc\core\ntsc\sms_ntsc.h">
      <Filter>Header Files</Filter>
    </ClInclude>
    <ClInclude Include="inc\core\ntsc\sms_ntsc_config.h">
      <Filter>Header Files</Filter>
    </ClInclude>
    <ClInclude Include="inc\core\ntsc\sms_ntsc_impl.h">
      <Filter>Header Files</Filter>
    </ClInclude>
    <ClInclude Include="inc\core\sound\blip_buf.h">
      <Filter>Header Files</Filter>
    </ClInclude>
    <ClInclude Include="inc\core\sound\eq.h">
      <Filter>Header Files</Filter>
    </ClInclude>
    <ClInclude Include="inc\core\sound\psg.h">
      <Filter>Header Files</Filter>
    </ClInclude>
    <ClInclude Include="inc\core\sound\sound.h">
      <Filter>Header Files</Filter>
    </ClInclude>
    <ClInclude Include="inc\core\sound\ym2413.h">
      <Filter>Header Files</Filter>
    </ClInclude>
    <ClInclude Include="inc\core\sound\ym2612.h">
      <Filter>Header Files</Filter>
    </ClInclude>
    <ClInclude Include="inc\core\sound\ym3438.h">
      <Filter>Header Files</Filter>
    </ClInclude>
    <ClInclude Include="inc\core\z80\osd_cpu.h">
      <Filter>Header Files</Filter>
    </ClInclude>
    <ClInclude Include="inc\core\z80\z80.h">
      <Filter>Header Files</Filter>
    </ClInclude>
    <ClInclude Include="inc\core\genesis.h">
      <Filter>Header Files</Filter>
    </ClInclude>
    <ClInclude Include="inc\core\hvc.h">
      <Filter>Header Files</Filter>
    </ClInclude>
    <ClInclude Include="inc\core\io_ctrl.h">
      <Filter>Header Files</Filter>
    </ClInclude>
    <ClInclude Include="inc\core\loadrom.h">
      <Filter>Header Files</Filter>
    </ClInclude>
    <ClInclude Include="inc\core\macros.h">
      <Filter>Header Files</Filter>
    </ClInclude>
    <ClInclude Include="inc\core\mem68k.h">
      <Filter>Header Files</Filter>
    </ClInclude>
    <ClInclude Include="inc\core\membnk.h">
      <Filter>Header Files</Filter>
    </ClInclude>
    <ClInclude Include="inc\core\memz80.h">
      <Filter>Header Files</Filter>
    </ClInclude>
    <ClInclude Include="inc\core\state.h">
      <Filter>Header Files</Filter>
    </ClInclude>
    <ClInclude Include="inc\core\system.h">
      <Filter>Header Files</Filter>
    </ClInclude>
    <ClInclude Include="inc\core\types.h">
      <Filter>Header Files</Filter>
    </ClInclude>
    <ClInclude Include="inc\core\vdp_ctrl.h">
      <Filter>Header Files</Filter>
    </ClInclude>
    <ClInclude Include="inc\core\vdp_render.h">
      <Filter>Header Files</Filter>
    </ClInclude>
    <ClInclude Include="inc\core\system_hardware.h">
      <Filter>Header Files</Filter>
    </ClInclude>
    <ClInclude Include="inc\core\system_clock.h">
      <Filter>Header Files</Filter>
    </ClInclude>
    <ClInclude Include="inc\core\system_bios.h">
      <Filter>Header Files</Filter>
    </ClInclude>
    <ClInclude Include="inc\core\system_timing.h">
      <Filter>Header Files</Filter>
    </ClInclude>
    <ClInclude Include="inc\core\bitmap.h">
      <Filter>Header Files</Filter>
    </ClInclude>
    <ClInclude Include="inc\core\snd.h">
      <Filter>Header Files</Filter>
    </ClInclude>
    <ClInclude Include="inc\core\system_cycle.h">
      <Filter>Header Files</Filter>
    </ClInclude>
  </ItemGroup>
  <ItemGroup>
    <ClCompile Include="src\build\cmd_sdl2\config.cpp">
      <Filter>Source Files</Filter>
    </ClCompile>
    <ClCompile Include="src\build\cmd_sdl2\error.cpp">
      <Filter>Source Files</Filter>
    </ClCompile>
    <ClCompile Include="src\build\cmd_sdl2\fileio.cpp">
      <Filter>Source Files</Filter>
    </ClCompile>
    <ClCompile Include="src\build\cmd_sdl2\main.cpp">
      <Filter>Source Files</Filter>
    </ClCompile>
    <ClCompile Include="src\core\cart_hw\svp\ssp16.cpp">
      <Filter>Source Files</Filter>
    </ClCompile>
    <ClCompile Include="src\core\cart_hw\svp\svp.cpp">
      <Filter>Source Files</Filter>
    </ClCompile>
    <ClCompile Include="src\core\cart_hw\areplay.cpp">
      <Filter>Source Files</Filter>
    </ClCompile>
    <ClCompile Include="src\core\cart_hw\eeprom_93c.cpp">
      <Filter>Source Files</Filter>
    </ClCompile>
    <ClCompile Include="src\core\cart_hw\eeprom_i2c.cpp">
      <Filter>Source Files</Filter>
    </ClCompile>
    <ClCompile Include="src\core\cart_hw\eeprom_spi.cpp">
      <Filter>Source Files</Filter>
    </ClCompile>
    <ClCompile Include="src\core\cart_hw\ggenie.cpp">
      <Filter>Source Files</Filter>
    </ClCompile>
    <ClCompile Include="src\core\cart_hw\md_cart.cpp">
      <Filter>Source Files</Filter>
    </ClCompile>
    <ClCompile Include="src\core\cart_hw\megasd.cpp">
      <Filter>Source Files</Filter>
    </ClCompile>
    <ClCompile Include="src\core\cart_hw\sms_cart.cpp">
      <Filter>Source Files</Filter>
    </ClCompile>
    <ClCompile Include="src\core\cart_hw\sram.cpp">
      <Filter>Source Files</Filter>
    </ClCompile>
    <ClCompile Include="src\core\cd_hw\cd_cart.cpp">
      <Filter>Source Files</Filter>
    </ClCompile>
    <ClCompile Include="src\core\cd_hw\cdc.cpp">
      <Filter>Source Files</Filter>
    </ClCompile>
    <ClCompile Include="src\core\cd_hw\cdd.cpp">
      <Filter>Source Files</Filter>
    </ClCompile>
    <ClCompile Include="src\core\cd_hw\gfx.cpp">
      <Filter>Source Files</Filter>
    </ClCompile>
    <ClCompile Include="src\core\cd_hw\pcm.cpp">
      <Filter>Source Files</Filter>
    </ClCompile>
    <ClCompile Include="src\core\cd_hw\scd.cpp">
      <Filter>Source Files</Filter>
    </ClCompile>
    <ClCompile Include="src\core\debug\cpuhook.cpp">
      <Filter>Source Files</Filter>
    </ClCompile>
    <ClCompile Include="src\core\input_hw\activator.cpp">
      <Filter>Source Files</Filter>
    </ClCompile>
    <ClCompile Include="src\core\input_hw\gamepad.cpp">
      <Filter>Source Files</Filter>
    </ClCompile>
    <ClCompile Include="src\core\input_hw\graphic_board.cpp">
      <Filter>Source Files</Filter>
    </ClCompile>
    <ClCompile Include="src\core\input_hw\input.cpp">
      <Filter>Source Files</Filter>
    </ClCompile>
    <ClCompile Include="src\core\input_hw\lightgun.cpp">
      <Filter>Source Files</Filter>
    </ClCompile>
    <ClCompile Include="src\core\input_hw\mouse.cpp">
      <Filter>Source Files</Filter>
    </ClCompile>
    <ClCompile Include="src\core\input_hw\paddle.cpp">
      <Filter>Source Files</Filter>
    </ClCompile>
    <ClCompile Include="src\core\input_hw\sportspad.cpp">
      <Filter>Source Files</Filter>
    </ClCompile>
    <ClCompile Include="src\core\input_hw\teamplayer.cpp">
      <Filter>Source Files</Filter>
    </ClCompile>
    <ClCompile Include="src\core\input_hw\terebi_oekaki.cpp">
      <Filter>Source Files</Filter>
    </ClCompile>
    <ClCompile Include="src\core\input_hw\xe_1ap.cpp">
      <Filter>Source Files</Filter>
    </ClCompile>
    <ClCompile Include="src\core\m68k\m68kcpu.cpp">
      <Filter>Source Files</Filter>
    </ClCompile>
    <ClCompile Include="src\core\m68k\s68kcpu.cpp">
      <Filter>Source Files</Filter>
    </ClCompile>
    <ClCompile Include="src\core\ntsc\md_ntsc.cpp">
      <Filter>Source Files</Filter>
    </ClCompile>
    <ClCompile Include="src\core\ntsc\sms_ntsc.cpp">
      <Filter>Source Files</Filter>
    </ClCompile>
    <ClCompile Include="src\core\sound\blip_buf.cpp">
      <Filter>Source Files</Filter>
    </ClCompile>
    <ClCompile Include="src\core\sound\eq.cpp">
      <Filter>Source Files</Filter>
    </ClCompile>
    <ClCompile Include="src\core\sound\psg.cpp">
      <Filter>Source Files</Filter>
    </ClCompile>
    <ClCompile Include="src\core\sound\sound.cpp">
      <Filter>Source Files</Filter>
    </ClCompile>
    <ClCompile Include="src\core\sound\ym2413.cpp">
      <Filter>Source Files</Filter>
    </ClCompile>
    <ClCompile Include="src\core\sound\ym2612.cpp">
      <Filter>Source Files</Filter>
    </ClCompile>
    <ClCompile Include="src\core\sound\ym3438.cpp">
      <Filter>Source Files</Filter>
    </ClCompile>
    <ClCompile Include="src\core\z80\z80.cpp">
      <Filter>Source Files</Filter>
    </ClCompile>
    <ClCompile Include="src\core\genesis.cpp">
      <Filter>Source Files</Filter>
    </ClCompile>
    <ClCompile Include="src\core\io_ctrl.cpp">
      <Filter>Source Files</Filter>
    </ClCompile>
    <ClCompile Include="src\core\loadrom.cpp">
      <Filter>Source Files</Filter>
    </ClCompile>
    <ClCompile Include="src\core\mem68k.cpp">
      <Filter>Source Files</Filter>
    </ClCompile>
    <ClCompile Include="src\core\membnk.cpp">
      <Filter>Source Files</Filter>
    </ClCompile>
    <ClCompile Include="src\core\memz80.cpp">
      <Filter>Source Files</Filter>
    </ClCompile>
    <ClCompile Include="src\core\state.cpp">
      <Filter>Source Files</Filter>
    </ClCompile>
    <ClCompile Include="src\core\system.cpp">
      <Filter>Source Files</Filter>
    </ClCompile>
    <ClCompile Include="src\core\vdp_ctrl.cpp">
      <Filter>Source Files</Filter>
    </ClCompile>
    <ClCompile Include="src\core\vdp_render.cpp">
      <Filter>Source Files</Filter>
    </ClCompile>
    <ClCompile Include="src\build\cmd_sdl2\osd.cpp">
      <Filter>Source Files</Filter>
    </ClCompile>
    <ClCompile Include="src\core\system_hardware.cpp">
      <Filter>Source Files</Filter>
    </ClCompile>
    <ClCompile Include="src\core\system_clock.cpp">
      <Filter>Source Files</Filter>
    </ClCompile>
    <ClCompile Include="src\core\system_bios.cpp">
      <Filter>Source Files</Filter>
    </ClCompile>
    <ClCompile Include="src\core\bitmap.cpp">
      <Filter>Source Files</Filter>
    </ClCompile>
    <ClCompile Include="src\core\snd.cpp">
      <Filter>Source Files</Filter>
    </ClCompile>
    <ClCompile Include="src\core\system_cycle.cpp">
      <Filter>Source Files</Filter>
    </ClCompile>
  </ItemGroup>
</Project>